cloud:
- cloud-dbha:
    buildPath: /blueking-dbm/dbm-services/common/dbha/ha-module/build/dbha
    commitDate: '202404221729'
    commitId: 68ef78ea9f8329ab533c2a03e90617e1743de1fb
    name: dbha
    version: 1.0.2
- cloud-dns-bind:
    buildPath: /toolkit/bind.tar.gz
    name: bind.tar.gz
    version: 1.0.0
- cloud-dns-pullcrond:
    buildPath: /blueking-dbm/dbm-services/common/db-dns/dns-reload/build/pull-crond
    commitDate: '202404241059'
    commitId: daedb74dd9a3e2c81bee7aa069208ccc4456f53a
    name: pull-crond
    version: 1.0.2
- cloud-drs:
    buildPath: /blueking-dbm/dbm-services/mysql/db-remote-service/build/db-remote-service
    commitDate: '202404281131'
    commitId: 65d78d1457639e6809f63599f6b2d342167a1e67
    name: db-remote-service
    version: 1.0.2
- cloud-drs-tmysqlparse:
    buildPath: /toolkit/tmysqlparse
    name: tmysqlparse
    version: 1.0.0
- cloud-nginx:
    buildPath: /toolkit/nginx-portable.tgz
    name: nginx-portable.tgz
    version: 1.0.0
es:
- actuator:
    buildPath: /blueking-dbm/dbm-services/bigdata/db-tools/dbactuator/build/dbactuator
    commitDate: '202404241111'
    commitId: bb1de388c24940750bf183456a6b74e93c447ae6
    name: dbactuator
    version: 1.0.4
hdfs:
- actuator:
    buildPath: /blueking-dbm/dbm-services/bigdata/db-tools/dbactuator/build/dbactuator
    commitDate: '202404241111'
    commitId: bb1de388c24940750bf183456a6b74e93c447ae6
    name: dbactuator
    version: 1.0.4
influxdb:
- actuator:
    buildPath: /blueking-dbm/dbm-services/bigdata/db-tools/dbactuator/build/dbactuator
    commitDate: '202404241111'
    commitId: bb1de388c24940750bf183456a6b74e93c447ae6
    name: dbactuator
    version: 1.0.4
kafka:
- actuator:
    buildPath: /blueking-dbm/dbm-services/bigdata/db-tools/dbactuator/build/dbactuator
    commitDate: '202404241111'
    commitId: bb1de388c24940750bf183456a6b74e93c447ae6
    name: dbactuator
    version: 1.0.4
mysql:
- actuator:
    buildPath: /blueking-dbm/dbm-services/mysql/db-tools/dbactuator/build/dbactuator
    commitDate: '202404291030'
    commitId: dd6af96edf1ed0632ec9f442e03e3ac90bbb6752
    name: dbactuator
    version: 1.0.5
- dbbackup:
    buildPath: /blueking-dbm/dbm-services/mysql/db-tools/mysql-dbbackup/build/dbbackup-go-community.tar.gz
    commitDate: '202402011539'
    commitId: c9e70ca67ba6d6bb83e04732c825f484718a8222
    name: dbbackup-go-community.tar.gz
    version: 1.0.3
- mysql-checksum:
    buildPath: /blueking-dbm/dbm-services/mysql/db-tools/mysql-table-checksum/build/mysql-checksum.tar.gz
    commitDate: '202404251704'
    commitId: a83df6c2b2ff7fbe2f16452821b4c485ec04a80d
    name: mysql-checksum.tar.gz
    version: 1.0.5
- mysql-crond:
    buildPath: /blueking-dbm/dbm-services/mysql/db-tools/mysql-crond/build/mysql-crond.tar.gz
    commitDate: '202403251644'
    commitId: 3a97258f2cf63b270674c9594d9b68d4e1cad075
    name: mysql-crond.tar.gz
    version: 1.0.5
- rotate-binlog:
    buildPath: /blueking-dbm/dbm-services/mysql/db-tools/mysql-rotatebinlog/build/mysql-rotatebinlog.tar.gz
    commitDate: '202401220953'
    commitId: 2cfa9bd81c114e66665724909ea88c5242f9f7bc
    name: mysql-rotatebinlog.tar.gz
    version: 1.0.4
- mysql-monitor:
    buildPath: /blueking-dbm/dbm-services/mysql/db-tools/mysql-monitor/build/mysql-monitor.tar.gz
    commitDate: '202404281131'
    commitId: 65d78d1457639e6809f63599f6b2d342167a1e67
    name: mysql-monitor.tar.gz
    version: 1.0.5
- dba-toolkit:
    buildPath: /toolkit/dba-toolkit.tar.gz
    name: dba-toolkit.tar.gz
    version: 1.0.0
pulsar:
- actuator:
    buildPath: /blueking-dbm/dbm-services/bigdata/db-tools/dbactuator/build/dbactuator
    commitDate: '202404241111'
    commitId: bb1de388c24940750bf183456a6b74e93c447ae6
    name: dbactuator
    version: 1.0.4
redis:
- actuator:
    buildPath: /blueking-dbm/dbm-services/redis/db-tools/dbactuator/build/dbactuator_redis
    commitDate: '202404241602'
    commitId: 5226d2fcdc3aeda52ce5539b98338a117573aa4b
    name: dbactuator_redis
    version: 1.0.5
- dbmon:
    buildPath: /blueking-dbm/dbm-services/redis/db-tools/dbmon/build/bk-dbmon-*.tar.gz
    commitDate: '202404241602'
    commitId: 683176c96f796818380919bb441ed0722473dced
    name: dbmon
    version: 1.0.5
- redis-dts:
    buildPath: /toolkit/redis_dts.tar.gz
    name: redis_dts.tar.gz
    version: 1.0.0
